
Microsoft Visual Studio Solution File, Format Version 12.00
# Visual Studio Version 17
VisualStudioVersion = 17.6.33723.286
MinimumVisualStudioVersion = 10.0.40219.1
Project("{FAE04EC0-301F-11D3-BF4B-00C04F79EFBC}") = "ProgramPeajeAutopista", "ProgramPeajeAutopista.csproj", "{106EA082-D15A-4A3E-8B1F-45107633819D}"
EndProject
Global
	GlobalSection(SolutionConfigurationPlatforms) = preSolution
		Debug|Any CPU = Debug|Any CPU
		Release|Any CPU = Release|Any CPU
	EndGlobalSection
	GlobalSection(ProjectConfigurationPlatforms) = postSolution
		{106EA082-D15A-4A3E-8B1F-45107633819D}.Debug|Any CPU.ActiveCfg = Debug|Any CPU
		{106EA082-D15A-4A3E-8B1F-45107633819D}.Debug|Any CPU.Build.0 = Debug|Any CPU
		{106EA082-D15A-4A3E-8B1F-45107633819D}.Release|Any CPU.ActiveCfg = Release|Any CPU
		{106EA082-D15A-4A3E-8B1F-45107633819D}.Release|Any CPU.Build.0 = Release|Any CPU
	EndGlobalSection
	GlobalSection(SolutionProperties) = preSolution
		HideSolutionNode = FALSE
	EndGlobalSection
	GlobalSection(ExtensibilityGlobals) = postSolution
		SolutionGuid = {6FF00A18-AAE8-4CC9-9258-2B2FC7F61781}
	EndGlobalSection
EndGlobal
